// !$*UTF8*$!
{
	archiveVersion = 1;
	classes = {
	};
	objectVersion = 50;
	objects = {

/* Begin PBXBuildFile section */
		75082679248EA349006C1B76 /* LoginRegisterViewController.storyboard in Resources */ = {isa = PBXBuildFile; fileRef = 75082678248EA349006C1B76 /* LoginRegisterViewController.storyboard */; };
		7508267C248EA407006C1B76 /* MainTabBarController.swift in Sources */ = {isa = PBXBuildFile; fileRef = 7508267B248EA407006C1B76 /* MainTabBarController.swift */; };
		7508267E248EA66D006C1B76 /* ReleasesListFlowRouter.swift in Sources */ = {isa = PBXBuildFile; fileRef = 7508267D248EA66D006C1B76 /* ReleasesListFlowRouter.swift */; };
		75082680248EA838006C1B76 /* MusiciansFlowRouter.swift in Sources */ = {isa = PBXBuildFile; fileRef = 7508267F248EA838006C1B76 /* MusiciansFlowRouter.swift */; };
		75082682248EA96B006C1B76 /* EditMusiciansViewController.storyboard in Resources */ = {isa = PBXBuildFile; fileRef = 75082681248EA96B006C1B76 /* EditMusiciansViewController.storyboard */; };
		75082685248EA9C1006C1B76 /* EditMusiciansViewModel.swift in Sources */ = {isa = PBXBuildFile; fileRef = 75082684248EA9C1006C1B76 /* EditMusiciansViewModel.swift */; };
		75125BE82444B17F0075822F /* NameAndMusicianNameCell.swift in Sources */ = {isa = PBXBuildFile; fileRef = 75125BE72444B17F0075822F /* NameAndMusicianNameCell.swift */; };
		75125BEC2444B2AC0075822F /* CoverImageCell.swift in Sources */ = {isa = PBXBuildFile; fileRef = 75125BEB2444B2AC0075822F /* CoverImageCell.swift */; };
		75125BF02444B32D0075822F /* SongCell.swift in Sources */ = {isa = PBXBuildFile; fileRef = 75125BEF2444B32D0075822F /* SongCell.swift */; };
		75125BF42444BF3A0075822F /* ReleaseViewController.swift in Sources */ = {isa = PBXBuildFile; fileRef = 75125BF32444BF3A0075822F /* ReleaseViewController.swift */; };
		75125BF62444C3CF0075822F /* EditMusiciansViewController.swift in Sources */ = {isa = PBXBuildFile; fileRef = 75125BF52444C3CF0075822F /* EditMusiciansViewController.swift */; };
		75125BF82444C4510075822F /* MusicianModel.swift in Sources */ = {isa = PBXBuildFile; fileRef = 75125BF72444C4510075822F /* MusicianModel.swift */; };
		751F7BF6248E467A000CC850 /* FavoriteMusiciansViewController.storyboard in Resources */ = {isa = PBXBuildFile; fileRef = 751F7BF5248E467A000CC850 /* FavoriteMusiciansViewController.storyboard */; };
		75214FDC243A3543002AACE2 /* AppDelegate.swift in Sources */ = {isa = PBXBuildFile; fileRef = 75214FDB243A3543002AACE2 /* AppDelegate.swift */; };
		75214FDE243A3543002AACE2 /* SceneDelegate.swift in Sources */ = {isa = PBXBuildFile; fileRef = 75214FDD243A3543002AACE2 /* SceneDelegate.swift */; };
		75214FE3243A3543002AACE2 /* Main.storyboard in Resources */ = {isa = PBXBuildFile; fileRef = 75214FE1243A3543002AACE2 /* Main.storyboard */; };
		75214FE5243A3545002AACE2 /* Assets.xcassets in Resources */ = {isa = PBXBuildFile; fileRef = 75214FE4243A3545002AACE2 /* Assets.xcassets */; };
		75214FE8243A3545002AACE2 /* LaunchScreen.storyboard in Resources */ = {isa = PBXBuildFile; fileRef = 75214FE6243A3545002AACE2 /* LaunchScreen.storyboard */; };
		752EC74024630B3200779F7C /* NetworkService.swift in Sources */ = {isa = PBXBuildFile; fileRef = 752EC73F24630B3200779F7C /* NetworkService.swift */; };
		752EC74224630B7900779F7C /* API.swift in Sources */ = {isa = PBXBuildFile; fileRef = 752EC74124630B7900779F7C /* API.swift */; };
		752EC7452463141000779F7C /* MusicianCell.swift in Sources */ = {isa = PBXBuildFile; fileRef = 752EC7442463141000779F7C /* MusicianCell.swift */; };
		753F6E3D248E34EA009AB065 /* UIStoryBoard + UIViewController.swift in Sources */ = {isa = PBXBuildFile; fileRef = 753F6E3C248E34EA009AB065 /* UIStoryBoard + UIViewController.swift */; };
		753F6E40248E360E009AB065 /* ReleasesListViewController.storyboard in Resources */ = {isa = PBXBuildFile; fileRef = 753F6E3F248E360E009AB065 /* ReleasesListViewController.storyboard */; };
		753F6E44248E3746009AB065 /* ReleaseViewModel.swift in Sources */ = {isa = PBXBuildFile; fileRef = 753F6E43248E3746009AB065 /* ReleaseViewModel.swift */; };
		758991D72471784500ABD8D2 /* SearchTextField.swift in Sources */ = {isa = PBXBuildFile; fileRef = 758991D62471784500ABD8D2 /* SearchTextField.swift */; };
		758991D92471B59600ABD8D2 /* FavoriteMusiciansViewController.swift in Sources */ = {isa = PBXBuildFile; fileRef = 758991D82471B59600ABD8D2 /* FavoriteMusiciansViewController.swift */; };
		758999BA2470324A00FD13B1 /* UIImageView + network.swift in Sources */ = {isa = PBXBuildFile; fileRef = 758999B92470324A00FD13B1 /* UIImageView + network.swift */; };
		758999BF2470399400FD13B1 /* AuthService.swift in Sources */ = {isa = PBXBuildFile; fileRef = 758999BE2470399400FD13B1 /* AuthService.swift */; };
		758999C124703A2C00FD13B1 /* User.swift in Sources */ = {isa = PBXBuildFile; fileRef = 758999C024703A2C00FD13B1 /* User.swift */; };
		758999C524703D4100FD13B1 /* SeguesID.swift in Sources */ = {isa = PBXBuildFile; fileRef = 758999C424703D4100FD13B1 /* SeguesID.swift */; };
		758999C72470416300FD13B1 /* UIViewController+ showAlert.swift in Sources */ = {isa = PBXBuildFile; fileRef = 758999C62470416300FD13B1 /* UIViewController+ showAlert.swift */; };
		758999CB247044D200FD13B1 /* Errors.swift in Sources */ = {isa = PBXBuildFile; fileRef = 758999CA247044D200FD13B1 /* Errors.swift */; };
		7596DC9D248E40C000630FDA /* ReleaseViewController.storyboard in Resources */ = {isa = PBXBuildFile; fileRef = 7596DC9C248E40C000630FDA /* ReleaseViewController.storyboard */; };
		7596DCA1248E414300630FDA /* FavoriteMusiciansViewModel.swift in Sources */ = {isa = PBXBuildFile; fileRef = 7596DCA0248E414300630FDA /* FavoriteMusiciansViewModel.swift */; };
		75AB9BA2244BA8BF00A1931F /* NetworkDataFetcher.swift in Sources */ = {isa = PBXBuildFile; fileRef = 75AB9BA1244BA8BF00A1931F /* NetworkDataFetcher.swift */; };
		75AD0107244BA10500381850 /* LoginRegisterViewController.swift in Sources */ = {isa = PBXBuildFile; fileRef = 75AD0106244BA10500381850 /* LoginRegisterViewController.swift */; };
		75C191BD243A363F00286E03 /* ReleasesListViewController.swift in Sources */ = {isa = PBXBuildFile; fileRef = 75C191BC243A363F00286E03 /* ReleasesListViewController.swift */; };
		75C191BF243A36CA00286E03 /* RecordCell.swift in Sources */ = {isa = PBXBuildFile; fileRef = 75C191BE243A36CA00286E03 /* RecordCell.swift */; };
		75C191C1243A398B00286E03 /* ReleaseModel.swift in Sources */ = {isa = PBXBuildFile; fileRef = 75C191C0243A398B00286E03 /* ReleaseModel.swift */; };
		75D1706D248E303A002DB9AB /* ReleaseListViewModel.swift in Sources */ = {isa = PBXBuildFile; fileRef = 75D1706C248E303A002DB9AB /* ReleaseListViewModel.swift */; };
/* End PBXBuildFile section */

/* Begin PBXFileReference section */
		75082678248EA349006C1B76 /* LoginRegisterViewController.storyboard */ = {isa = PBXFileReference; lastKnownFileType = file.storyboard; path = LoginRegisterViewController.storyboard; sourceTree = "<group>"; };
		7508267B248EA407006C1B76 /* MainTabBarController.swift */ = {isa = PBXFileReference; lastKnownFileType = sourcecode.swift; path = MainTabBarController.swift; sourceTree = "<group>"; };
		7508267D248EA66D006C1B76 /* ReleasesListFlowRouter.swift */ = {isa = PBXFileReference; lastKnownFileType = sourcecode.swift; path = ReleasesListFlowRouter.swift; sourceTree = "<group>"; };
		7508267F248EA838006C1B76 /* MusiciansFlowRouter.swift */ = {isa = PBXFileReference; lastKnownFileType = sourcecode.swift; path = MusiciansFlowRouter.swift; sourceTree = "<group>"; };
		75082681248EA96B006C1B76 /* EditMusiciansViewController.storyboard */ = {isa = PBXFileReference; lastKnownFileType = file.storyboard; path = EditMusiciansViewController.storyboard; sourceTree = "<group>"; };
		75082684248EA9C1006C1B76 /* EditMusiciansViewModel.swift */ = {isa = PBXFileReference; lastKnownFileType = sourcecode.swift; path = EditMusiciansViewModel.swift; sourceTree = "<group>"; };
		75125BE72444B17F0075822F /* NameAndMusicianNameCell.swift */ = {isa = PBXFileReference; lastKnownFileType = sourcecode.swift; path = NameAndMusicianNameCell.swift; sourceTree = "<group>"; };
		75125BEB2444B2AC0075822F /* CoverImageCell.swift */ = {isa = PBXFileReference; lastKnownFileType = sourcecode.swift; path = CoverImageCell.swift; sourceTree = "<group>"; };
		75125BEF2444B32D0075822F /* SongCell.swift */ = {isa = PBXFileReference; lastKnownFileType = sourcecode.swift; path = SongCell.swift; sourceTree = "<group>"; };
		75125BF32444BF3A0075822F /* ReleaseViewController.swift */ = {isa = PBXFileReference; lastKnownFileType = sourcecode.swift; path = ReleaseViewController.swift; sourceTree = "<group>"; };
		75125BF52444C3CF0075822F /* EditMusiciansViewController.swift */ = {isa = PBXFileReference; lastKnownFileType = sourcecode.swift; path = EditMusiciansViewController.swift; sourceTree = "<group>"; };
		75125BF72444C4510075822F /* MusicianModel.swift */ = {isa = PBXFileReference; lastKnownFileType = sourcecode.swift; path = MusicianModel.swift; sourceTree = "<group>"; };
		751F7BF5248E467A000CC850 /* FavoriteMusiciansViewController.storyboard */ = {isa = PBXFileReference; lastKnownFileType = file.storyboard; path = FavoriteMusiciansViewController.storyboard; sourceTree = "<group>"; };
		75214FD8243A3543002AACE2 /* Release Reminder.app */ = {isa = PBXFileReference; explicitFileType = wrapper.application; includeInIndex = 0; path = "Release Reminder.app"; sourceTree = BUILT_PRODUCTS_DIR; };
		75214FDB243A3543002AACE2 /* AppDelegate.swift */ = {isa = PBXFileReference; lastKnownFileType = sourcecode.swift; path = AppDelegate.swift; sourceTree = "<group>"; };
		75214FDD243A3543002AACE2 /* SceneDelegate.swift */ = {isa = PBXFileReference; lastKnownFileType = sourcecode.swift; path = SceneDelegate.swift; sourceTree = "<group>"; };
		75214FE2243A3543002AACE2 /* Base */ = {isa = PBXFileReference; lastKnownFileType = file.storyboard; name = Base; path = Base.lproj/Main.storyboard; sourceTree = "<group>"; };
		75214FE4243A3545002AACE2 /* Assets.xcassets */ = {isa = PBXFileReference; lastKnownFileType = folder.assetcatalog; path = Assets.xcassets; sourceTree = "<group>"; };
		75214FE7243A3545002AACE2 /* Base */ = {isa = PBXFileReference; lastKnownFileType = file.storyboard; name = Base; path = Base.lproj/LaunchScreen.storyboard; sourceTree = "<group>"; };
		75214FE9243A3545002AACE2 /* Info.plist */ = {isa = PBXFileReference; lastKnownFileType = text.plist.xml; path = Info.plist; sourceTree = "<group>"; };
		752EC73F24630B3200779F7C /* NetworkService.swift */ = {isa = PBXFileReference; lastKnownFileType = sourcecode.swift; path = NetworkService.swift; sourceTree = "<group>"; };
		752EC74124630B7900779F7C /* API.swift */ = {isa = PBXFileReference; lastKnownFileType = sourcecode.swift; path = API.swift; sourceTree = "<group>"; };
		752EC7442463141000779F7C /* MusicianCell.swift */ = {isa = PBXFileReference; lastKnownFileType = sourcecode.swift; path = MusicianCell.swift; sourceTree = "<group>"; };
		753F6E3C248E34EA009AB065 /* UIStoryBoard + UIViewController.swift */ = {isa = PBXFileReference; lastKnownFileType = sourcecode.swift; path = "UIStoryBoard + UIViewController.swift"; sourceTree = "<group>"; };
		753F6E3F248E360E009AB065 /* ReleasesListViewController.storyboard */ = {isa = PBXFileReference; lastKnownFileType = file.storyboard; path = ReleasesListViewController.storyboard; sourceTree = "<group>"; };
		753F6E43248E3746009AB065 /* ReleaseViewModel.swift */ = {isa = PBXFileReference; lastKnownFileType = sourcecode.swift; path = ReleaseViewModel.swift; sourceTree = "<group>"; };
		758991D62471784500ABD8D2 /* SearchTextField.swift */ = {isa = PBXFileReference; lastKnownFileType = sourcecode.swift; path = SearchTextField.swift; sourceTree = "<group>"; };
		758991D82471B59600ABD8D2 /* FavoriteMusiciansViewController.swift */ = {isa = PBXFileReference; lastKnownFileType = sourcecode.swift; path = FavoriteMusiciansViewController.swift; sourceTree = "<group>"; };
		758999B92470324A00FD13B1 /* UIImageView + network.swift */ = {isa = PBXFileReference; lastKnownFileType = sourcecode.swift; path = "UIImageView + network.swift"; sourceTree = "<group>"; };
		758999BE2470399400FD13B1 /* AuthService.swift */ = {isa = PBXFileReference; lastKnownFileType = sourcecode.swift; path = AuthService.swift; sourceTree = "<group>"; };
		758999C024703A2C00FD13B1 /* User.swift */ = {isa = PBXFileReference; lastKnownFileType = sourcecode.swift; path = User.swift; sourceTree = "<group>"; };
		758999C424703D4100FD13B1 /* SeguesID.swift */ = {isa = PBXFileReference; lastKnownFileType = sourcecode.swift; path = SeguesID.swift; sourceTree = "<group>"; };
		758999C62470416300FD13B1 /* UIViewController+ showAlert.swift */ = {isa = PBXFileReference; lastKnownFileType = sourcecode.swift; path = "UIViewController+ showAlert.swift"; sourceTree = "<group>"; };
		758999CA247044D200FD13B1 /* Errors.swift */ = {isa = PBXFileReference; lastKnownFileType = sourcecode.swift; path = Errors.swift; sourceTree = "<group>"; };
		7596DC9C248E40C000630FDA /* ReleaseViewController.storyboard */ = {isa = PBXFileReference; lastKnownFileType = file.storyboard; path = ReleaseViewController.storyboard; sourceTree = "<group>"; };
		7596DCA0248E414300630FDA /* FavoriteMusiciansViewModel.swift */ = {isa = PBXFileReference; lastKnownFileType = sourcecode.swift; path = FavoriteMusiciansViewModel.swift; sourceTree = "<group>"; };
		75AB9BA1244BA8BF00A1931F /* NetworkDataFetcher.swift */ = {isa = PBXFileReference; lastKnownFileType = sourcecode.swift; path = NetworkDataFetcher.swift; sourceTree = "<group>"; };
		75AD0106244BA10500381850 /* LoginRegisterViewController.swift */ = {isa = PBXFileReference; lastKnownFileType = sourcecode.swift; path = LoginRegisterViewController.swift; sourceTree = "<group>"; };
		75C191BC243A363F00286E03 /* ReleasesListViewController.swift */ = {isa = PBXFileReference; lastKnownFileType = sourcecode.swift; path = ReleasesListViewController.swift; sourceTree = "<group>"; };
		75C191BE243A36CA00286E03 /* RecordCell.swift */ = {isa = PBXFileReference; lastKnownFileType = sourcecode.swift; path = RecordCell.swift; sourceTree = "<group>"; };
		75C191C0243A398B00286E03 /* ReleaseModel.swift */ = {isa = PBXFileReference; lastKnownFileType = sourcecode.swift; path = ReleaseModel.swift; sourceTree = "<group>"; };
		75D1706C248E303A002DB9AB /* ReleaseListViewModel.swift */ = {isa = PBXFileReference; lastKnownFileType = sourcecode.swift; path = ReleaseListViewModel.swift; sourceTree = "<group>"; };
/* End PBXFileReference section */

/* Begin PBXFrameworksBuildPhase section */
		75214FD5243A3543002AACE2 /* Frameworks */ = {
			isa = PBXFrameworksBuildPhase;
			buildActionMask = 2147483647;
			files = (
			);
			runOnlyForDeploymentPostprocessing = 0;
		};
/* End PBXFrameworksBuildPhase section */

/* Begin PBXGroup section */
		75082677248EA33A006C1B76 /* LoginRegisterViewController */ = {
			isa = PBXGroup;
			children = (
				75AD0106244BA10500381850 /* LoginRegisterViewController.swift */,
				75082678248EA349006C1B76 /* LoginRegisterViewController.storyboard */,
			);
			path = LoginRegisterViewController;
			sourceTree = "<group>";
		};
		7508267A248EA3E7006C1B76 /* MainTabBarController */ = {
			isa = PBXGroup;
			children = (
				7508267B248EA407006C1B76 /* MainTabBarController.swift */,
				7596DC9E248E411C00630FDA /* FavoriteMusiciansController */,
				75D1706A248E2FF3002DB9AB /* ReleasesListViewController */,
			);
			path = MainTabBarController;
			sourceTree = "<group>";
		};
		75082683248EA9B4006C1B76 /* EditMusiciansViewModel */ = {
			isa = PBXGroup;
			children = (
				75082684248EA9C1006C1B76 /* EditMusiciansViewModel.swift */,
			);
			path = EditMusiciansViewModel;
			sourceTree = "<group>";
		};
		75125BE42444B0FD0075822F /* View */ = {
			isa = PBXGroup;
			children = (
				75125BE62444B13E0075822F /* Cells */,
				758991D62471784500ABD8D2 /* SearchTextField.swift */,
				75214FE1243A3543002AACE2 /* Main.storyboard */,
				75214FE6243A3545002AACE2 /* LaunchScreen.storyboard */,
			);
			path = View;
			sourceTree = "<group>";
		};
		75125BE52444B1020075822F /* Model */ = {
			isa = PBXGroup;
			children = (
				758999C024703A2C00FD13B1 /* User.swift */,
			);
			path = Model;
			sourceTree = "<group>";
		};
		75125BE62444B13E0075822F /* Cells */ = {
			isa = PBXGroup;
			children = (
				75C191BE243A36CA00286E03 /* RecordCell.swift */,
				75125BE72444B17F0075822F /* NameAndMusicianNameCell.swift */,
				75125BEB2444B2AC0075822F /* CoverImageCell.swift */,
				75125BEF2444B32D0075822F /* SongCell.swift */,
				752EC7442463141000779F7C /* MusicianCell.swift */,
			);
			path = Cells;
			sourceTree = "<group>";
		};
		751F7BF7248E4935000CC850 /* EditMusiciansViewController */ = {
			isa = PBXGroup;
			children = (
				75082683248EA9B4006C1B76 /* EditMusiciansViewModel */,
				75125BF52444C3CF0075822F /* EditMusiciansViewController.swift */,
				75082681248EA96B006C1B76 /* EditMusiciansViewController.storyboard */,
			);
			path = EditMusiciansViewController;
			sourceTree = "<group>";
		};
		75214FCF243A3543002AACE2 = {
			isa = PBXGroup;
			children = (
				75214FDA243A3543002AACE2 /* Release Reminder */,
				75214FD9243A3543002AACE2 /* Products */,
			);
			sourceTree = "<group>";
		};
		75214FD9243A3543002AACE2 /* Products */ = {
			isa = PBXGroup;
			children = (
				75214FD8243A3543002AACE2 /* Release Reminder.app */,
			);
			name = Products;
			sourceTree = "<group>";
		};
		75214FDA243A3543002AACE2 /* Release Reminder */ = {
			isa = PBXGroup;
			children = (
				75214FE9243A3545002AACE2 /* Info.plist */,
				75214FE4243A3545002AACE2 /* Assets.xcassets */,
				758999BD2470398500FD13B1 /* Services */,
				758999C9247044B200FD13B1 /* Helpers */,
				75125BE52444B1020075822F /* Model */,
				75D17068248E2FB4002DB9AB /* UI */,
				75125BE42444B0FD0075822F /* View */,
			);
			path = "Release Reminder";
			sourceTree = "<group>";
		};
		753F6E3A248E34CF009AB065 /* Common */ = {
			isa = PBXGroup;
			children = (
				753F6E3B248E34D8009AB065 /* Extensions */,
			);
			path = Common;
			sourceTree = "<group>";
		};
		753F6E3B248E34D8009AB065 /* Extensions */ = {
			isa = PBXGroup;
			children = (
				753F6E3C248E34EA009AB065 /* UIStoryBoard + UIViewController.swift */,
			);
			path = Extensions;
			sourceTree = "<group>";
		};
		753F6E3E248E35A0009AB065 /* Views */ = {
			isa = PBXGroup;
			children = (
				75AD0103244B9EC500381850 /* Extensions */,
			);
			path = Views;
			sourceTree = "<group>";
		};
		753F6E41248E3723009AB065 /* ReleaseViewController */ = {
			isa = PBXGroup;
			children = (
				75125BF32444BF3A0075822F /* ReleaseViewController.swift */,
				7596DC9C248E40C000630FDA /* ReleaseViewController.storyboard */,
				753F6E42248E3735009AB065 /* ReleaseViewModel */,
			);
			path = ReleaseViewController;
			sourceTree = "<group>";
		};
		753F6E42248E3735009AB065 /* ReleaseViewModel */ = {
			isa = PBXGroup;
			children = (
				753F6E43248E3746009AB065 /* ReleaseViewModel.swift */,
			);
			path = ReleaseViewModel;
			sourceTree = "<group>";
		};
		758999BD2470398500FD13B1 /* Services */ = {
			isa = PBXGroup;
			children = (
				75AB9BA0244BA8AA00A1931F /* NetworkManager */,
				758999C8247041C400FD13B1 /* Authentication */,
			);
			path = Services;
			sourceTree = "<group>";
		};
		758999C8247041C400FD13B1 /* Authentication */ = {
			isa = PBXGroup;
			children = (
				758999BE2470399400FD13B1 /* AuthService.swift */,
			);
			path = Authentication;
			sourceTree = "<group>";
		};
		758999C9247044B200FD13B1 /* Helpers */ = {
			isa = PBXGroup;
			children = (
				752EC74124630B7900779F7C /* API.swift */,
				758999C424703D4100FD13B1 /* SeguesID.swift */,
				758999CA247044D200FD13B1 /* Errors.swift */,
			);
			path = Helpers;
			sourceTree = "<group>";
		};
		7596DC9E248E411C00630FDA /* FavoriteMusiciansController */ = {
			isa = PBXGroup;
			children = (
				758991D82471B59600ABD8D2 /* FavoriteMusiciansViewController.swift */,
				751F7BF5248E467A000CC850 /* FavoriteMusiciansViewController.storyboard */,
				7596DC9F248E413200630FDA /* FavoriteMusiciansViewModel */,
				751F7BF7248E4935000CC850 /* EditMusiciansViewController */,
				7508267F248EA838006C1B76 /* MusiciansFlowRouter.swift */,
			);
			path = FavoriteMusiciansController;
			sourceTree = "<group>";
		};
		7596DC9F248E413200630FDA /* FavoriteMusiciansViewModel */ = {
			isa = PBXGroup;
			children = (
				75125BF72444C4510075822F /* MusicianModel.swift */,
				7596DCA0248E414300630FDA /* FavoriteMusiciansViewModel.swift */,
			);
			path = FavoriteMusiciansViewModel;
			sourceTree = "<group>";
		};
		75AB9BA0244BA8AA00A1931F /* NetworkManager */ = {
			isa = PBXGroup;
			children = (
				75AB9BA1244BA8BF00A1931F /* NetworkDataFetcher.swift */,
				752EC73F24630B3200779F7C /* NetworkService.swift */,
			);
			path = NetworkManager;
			sourceTree = "<group>";
		};
		75AD0103244B9EC500381850 /* Extensions */ = {
			isa = PBXGroup;
			children = (
				758999B92470324A00FD13B1 /* UIImageView + network.swift */,
				758999C62470416300FD13B1 /* UIViewController+ showAlert.swift */,
			);
			path = Extensions;
			sourceTree = "<group>";
		};
		75D17068248E2FB4002DB9AB /* UI */ = {
			isa = PBXGroup;
			children = (
				75214FDB243A3543002AACE2 /* AppDelegate.swift */,
				75214FDD243A3543002AACE2 /* SceneDelegate.swift */,
				753F6E3E248E35A0009AB065 /* Views */,
				753F6E3A248E34CF009AB065 /* Common */,
				75D17069248E2FE5002DB9AB /* ViewControllers */,
			);
			path = UI;
			sourceTree = "<group>";
		};
		75D17069248E2FE5002DB9AB /* ViewControllers */ = {
			isa = PBXGroup;
			children = (
				7508267A248EA3E7006C1B76 /* MainTabBarController */,
			);
			path = ViewControllers;
			sourceTree = "<group>";
		};
		75D1706A248E2FF3002DB9AB /* ReleasesListViewController */ = {
			isa = PBXGroup;
			children = (
				7508267D248EA66D006C1B76 /* ReleasesListFlowRouter.swift */,
				75C191BC243A363F00286E03 /* ReleasesListViewController.swift */,
				753F6E3F248E360E009AB065 /* ReleasesListViewController.storyboard */,
				75082677248EA33A006C1B76 /* LoginRegisterViewController */,
				75D1706B248E3015002DB9AB /* ReleasesListViewModel */,
				753F6E41248E3723009AB065 /* ReleaseViewController */,
			);
			path = ReleasesListViewController;
			sourceTree = "<group>";
		};
		75D1706B248E3015002DB9AB /* ReleasesListViewModel */ = {
			isa = PBXGroup;
			children = (
				75C191C0243A398B00286E03 /* ReleaseModel.swift */,
				75D1706C248E303A002DB9AB /* ReleaseListViewModel.swift */,
			);
			path = ReleasesListViewModel;
			sourceTree = "<group>";
		};
/* End PBXGroup section */

/* Begin PBXNativeTarget section */
		75214FD7243A3543002AACE2 /* Release Reminder */ = {
			isa = PBXNativeTarget;
			buildConfigurationList = 75214FEC243A3545002AACE2 /* Build configuration list for PBXNativeTarget "Release Reminder" */;
			buildPhases = (
				75214FD4243A3543002AACE2 /* Sources */,
				75214FD5243A3543002AACE2 /* Frameworks */,
				75214FD6243A3543002AACE2 /* Resources */,
				752EC74324630E0A00779F7C /* ShellScript */,
			);
			buildRules = (
			);
			dependencies = (
			);
			name = "Release Reminder";
			productName = "Release Reminder";
			productReference = 75214FD8243A3543002AACE2 /* Release Reminder.app */;
			productType = "com.apple.product-type.application";
		};
/* End PBXNativeTarget section */

/* Begin PBXProject section */
		75214FD0243A3543002AACE2 /* Project object */ = {
			isa = PBXProject;
			attributes = {
				LastSwiftUpdateCheck = 1140;
				LastUpgradeCheck = 1140;
				ORGANIZATIONNAME = "Андрей Журавлев";
				TargetAttributes = {
					75214FD7243A3543002AACE2 = {
						CreatedOnToolsVersion = 11.4;
						LastSwiftMigration = 1140;
					};
				};
			};
			buildConfigurationList = 75214FD3243A3543002AACE2 /* Build configuration list for PBXProject "Release Reminder" */;
			compatibilityVersion = "Xcode 9.3";
			developmentRegion = en;
			hasScannedForEncodings = 0;
			knownRegions = (
				en,
				Base,
			);
			mainGroup = 75214FCF243A3543002AACE2;
			productRefGroup = 75214FD9243A3543002AACE2 /* Products */;
			projectDirPath = "";
			projectRoot = "";
			targets = (
				75214FD7243A3543002AACE2 /* Release Reminder */,
			);
		};
/* End PBXProject section */

/* Begin PBXResourcesBuildPhase section */
		75214FD6243A3543002AACE2 /* Resources */ = {
			isa = PBXResourcesBuildPhase;
			buildActionMask = 2147483647;
			files = (
				75214FE8243A3545002AACE2 /* LaunchScreen.storyboard in Resources */,
				7596DC9D248E40C000630FDA /* ReleaseViewController.storyboard in Resources */,
				75214FE5243A3545002AACE2 /* Assets.xcassets in Resources */,
				75214FE3243A3543002AACE2 /* Main.storyboard in Resources */,
				75082679248EA349006C1B76 /* LoginRegisterViewController.storyboard in Resources */,
				751F7BF6248E467A000CC850 /* FavoriteMusiciansViewController.storyboard in Resources */,
				75082682248EA96B006C1B76 /* EditMusiciansViewController.storyboard in Resources */,
				753F6E40248E360E009AB065 /* ReleasesListViewController.storyboard in Resources */,
			);
			runOnlyForDeploymentPostprocessing = 0;
		};
/* End PBXResourcesBuildPhase section */

/* Begin PBXShellScriptBuildPhase section */
		752EC74324630E0A00779F7C /* ShellScript */ = {
			isa = PBXShellScriptBuildPhase;
			buildActionMask = 2147483647;
			files = (
			);
			inputFileListPaths = (
			);
			inputPaths = (
			);
			outputFileListPaths = (
			);
			outputPaths = (
			);
			runOnlyForDeploymentPostprocessing = 0;
			shellPath = /bin/sh;
			shellScript = "# Type a script or drag a script file from your workspace to insert its path.\nTAGS=\"TODO:|FIXME:\"\nERRORTAG=\"ERROR:\"\nfind \"${SRCROOT}\" \\( -name \"*.h\" -or -name \"*.m\" -or -name \"*.swift\" \\) -print0 | xargs -0 egrep --with-filename --line-number --only-matching \"($TAGS).*\\$|($ERRORTAG).*\\$\" | perl -p -e \"s/($TAGS)/ warning: \\$1/\" | perl -p -e \"s/($ERRORTAG)/ error: \\$1/\"\n";
		};
/* End PBXShellScriptBuildPhase section */

/* Begin PBXSourcesBuildPhase section */
		75214FD4243A3543002AACE2 /* Sources */ = {
			isa = PBXSourcesBuildPhase;
			buildActionMask = 2147483647;
			files = (
				7508267C248EA407006C1B76 /* MainTabBarController.swift in Sources */,
				7596DCA1248E414300630FDA /* FavoriteMusiciansViewModel.swift in Sources */,
				75C191BD243A363F00286E03 /* ReleasesListViewController.swift in Sources */,
				75C191C1243A398B00286E03 /* ReleaseModel.swift in Sources */,
				75214FDC243A3543002AACE2 /* AppDelegate.swift in Sources */,
				75AB9BA2244BA8BF00A1931F /* NetworkDataFetcher.swift in Sources */,
				758999BA2470324A00FD13B1 /* UIImageView + network.swift in Sources */,
				753F6E3D248E34EA009AB065 /* UIStoryBoard + UIViewController.swift in Sources */,
				758991D92471B59600ABD8D2 /* FavoriteMusiciansViewController.swift in Sources */,
				758999BF2470399400FD13B1 /* AuthService.swift in Sources */,
				75082680248EA838006C1B76 /* MusiciansFlowRouter.swift in Sources */,
				752EC74224630B7900779F7C /* API.swift in Sources */,
				75AD0107244BA10500381850 /* LoginRegisterViewController.swift in Sources */,
				758999C524703D4100FD13B1 /* SeguesID.swift in Sources */,
				752EC7452463141000779F7C /* MusicianCell.swift in Sources */,
				75C191BF243A36CA00286E03 /* RecordCell.swift in Sources */,
				752EC74024630B3200779F7C /* NetworkService.swift in Sources */,
				7508267E248EA66D006C1B76 /* ReleasesListFlowRouter.swift in Sources */,
				75125BF42444BF3A0075822F /* ReleaseViewController.swift in Sources */,
				75125BE82444B17F0075822F /* NameAndMusicianNameCell.swift in Sources */,
				75D1706D248E303A002DB9AB /* ReleaseListViewModel.swift in Sources */,
				75082685248EA9C1006C1B76 /* EditMusiciansViewModel.swift in Sources */,
				753F6E44248E3746009AB065 /* ReleaseViewModel.swift in Sources */,
				75214FDE243A3543002AACE2 /* SceneDelegate.swift in Sources */,
				75125BF82444C4510075822F /* MusicianModel.swift in Sources */,
				75125BF02444B32D0075822F /* SongCell.swift in Sources */,
				758999CB247044D200FD13B1 /* Errors.swift in Sources */,
				75125BEC2444B2AC0075822F /* CoverImageCell.swift in Sources */,
				758999C72470416300FD13B1 /* UIViewController+ showAlert.swift in Sources */,
				75125BF62444C3CF0075822F /* EditMusiciansViewController.swift in Sources */,
				758999C124703A2C00FD13B1 /* User.swift in Sources */,
				758991D72471784500ABD8D2 /* SearchTextField.swift in Sources */,
			);
			runOnlyForDeploymentPostprocessing = 0;
		};
/* End PBXSourcesBuildPhase section */

/* Begin PBXVariantGroup section */
		75214FE1243A3543002AACE2 /* Main.storyboard */ = {
			isa = PBXVariantGroup;
			children = (
				75214FE2243A3543002AACE2 /* Base */,
			);
			name = Main.storyboard;
			sourceTree = "<group>";
		};
		75214FE6243A3545002AACE2 /* LaunchScreen.storyboard */ = {
			isa = PBXVariantGroup;
			children = (
				75214FE7243A3545002AACE2 /* Base */,
			);
			name = LaunchScreen.storyboard;
			sourceTree = "<group>";
		};
/* End PBXVariantGroup section */

/* Begin XCBuildConfiguration section */
		75214FEA243A3545002AACE2 /* Debug */ = {
			isa = XCBuildConfiguration;
			buildSettings = {
				ALWAYS_SEARCH_USER_PATHS = NO;
				CLANG_ANALYZER_NONNULL = YES;
				CLANG_ANALYZER_NUMBER_OBJECT_CONVERSION = YES_AGGRESSIVE;
				CLANG_CXX_LANGUAGE_STANDARD = "gnu++14";
				CLANG_CXX_LIBRARY = "libc++";
				CLANG_ENABLE_MODULES = YES;
				CLANG_ENABLE_OBJC_ARC = YES;
				CLANG_ENABLE_OBJC_WEAK = YES;
				CLANG_WARN_BLOCK_CAPTURE_AUTORELEASING = YES;
				CLANG_WARN_BOOL_CONVERSION = YES;
				CLANG_WARN_COMMA = YES;
				CLANG_WARN_CONSTANT_CONVERSION = YES;
				CLANG_WARN_DEPRECATED_OBJC_IMPLEMENTATIONS = YES;
				CLANG_WARN_DIRECT_OBJC_ISA_USAGE = YES_ERROR;
				CLANG_WARN_DOCUMENTATION_COMMENTS = YES;
				CLANG_WARN_EMPTY_BODY = YES;
				CLANG_WARN_ENUM_CONVERSION = YES;
				CLANG_WARN_INFINITE_RECURSION = YES;
				CLANG_WARN_INT_CONVERSION = YES;
				CLANG_WARN_NON_LITERAL_NULL_CONVERSION = YES;
				CLANG_WARN_OBJC_IMPLICIT_RETAIN_SELF = YES;
				CLANG_WARN_OBJC_LITERAL_CONVERSION = YES;
				CLANG_WARN_OBJC_ROOT_CLASS = YES_ERROR;
				CLANG_WARN_RANGE_LOOP_ANALYSIS = YES;
				CLANG_WARN_STRICT_PROTOTYPES = YES;
				CLANG_WARN_SUSPICIOUS_MOVE = YES;
				CLANG_WARN_UNGUARDED_AVAILABILITY = YES_AGGRESSIVE;
				CLANG_WARN_UNREACHABLE_CODE = YES;
				CLANG_WARN__DUPLICATE_METHOD_MATCH = YES;
				COPY_PHASE_STRIP = NO;
				DEBUG_INFORMATION_FORMAT = dwarf;
				ENABLE_STRICT_OBJC_MSGSEND = YES;
				ENABLE_TESTABILITY = YES;
				GCC_C_LANGUAGE_STANDARD = gnu11;
				GCC_DYNAMIC_NO_PIC = NO;
				GCC_NO_COMMON_BLOCKS = YES;
				GCC_OPTIMIZATION_LEVEL = 0;
				GCC_PREPROCESSOR_DEFINITIONS = (
					"DEBUG=1",
					"$(inherited)",
				);
				GCC_WARN_64_TO_32_BIT_CONVERSION = YES;
				GCC_WARN_ABOUT_RETURN_TYPE = YES_ERROR;
				GCC_WARN_UNDECLARED_SELECTOR = YES;
				GCC_WARN_UNINITIALIZED_AUTOS = YES_AGGRESSIVE;
				GCC_WARN_UNUSED_FUNCTION = YES;
				GCC_WARN_UNUSED_VARIABLE = YES;
				IPHONEOS_DEPLOYMENT_TARGET = 13.4;
				MTL_ENABLE_DEBUG_INFO = INCLUDE_SOURCE;
				MTL_FAST_MATH = YES;
				ONLY_ACTIVE_ARCH = YES;
				SDKROOT = iphoneos;
				SWIFT_ACTIVE_COMPILATION_CONDITIONS = DEBUG;
				SWIFT_OPTIMIZATION_LEVEL = "-Onone";
			};
			name = Debug;
		};
		75214FEB243A3545002AACE2 /* Release */ = {
			isa = XCBuildConfiguration;
			buildSettings = {
				ALWAYS_SEARCH_USER_PATHS = NO;
				CLANG_ANALYZER_NONNULL = YES;
				CLANG_ANALYZER_NUMBER_OBJECT_CONVERSION = YES_AGGRESSIVE;
				CLANG_CXX_LANGUAGE_STANDARD = "gnu++14";
				CLANG_CXX_LIBRARY = "libc++";
				CLANG_ENABLE_MODULES = YES;
				CLANG_ENABLE_OBJC_ARC = YES;
				CLANG_ENABLE_OBJC_WEAK = YES;
				CLANG_WARN_BLOCK_CAPTURE_AUTORELEASING = YES;
				CLANG_WARN_BOOL_CONVERSION = YES;
				CLANG_WARN_COMMA = YES;
				CLANG_WARN_CONSTANT_CONVERSION = YES;
				CLANG_WARN_DEPRECATED_OBJC_IMPLEMENTATIONS = YES;
				CLANG_WARN_DIRECT_OBJC_ISA_USAGE = YES_ERROR;
				CLANG_WARN_DOCUMENTATION_COMMENTS = YES;
				CLANG_WARN_EMPTY_BODY = YES;
				CLANG_WARN_ENUM_CONVERSION = YES;
				CLANG_WARN_INFINITE_RECURSION = YES;
				CLANG_WARN_INT_CONVERSION = YES;
				CLANG_WARN_NON_LITERAL_NULL_CONVERSION = YES;
				CLANG_WARN_OBJC_IMPLICIT_RETAIN_SELF = YES;
				CLANG_WARN_OBJC_LITERAL_CONVERSION = YES;
				CLANG_WARN_OBJC_ROOT_CLASS = YES_ERROR;
				CLANG_WARN_RANGE_LOOP_ANALYSIS = YES;
				CLANG_WARN_STRICT_PROTOTYPES = YES;
				CLANG_WARN_SUSPICIOUS_MOVE = YES;
				CLANG_WARN_UNGUARDED_AVAILABILITY = YES_AGGRESSIVE;
				CLANG_WARN_UNREACHABLE_CODE = YES;
				CLANG_WARN__DUPLICATE_METHOD_MATCH = YES;
				COPY_PHASE_STRIP = NO;
				DEBUG_INFORMATION_FORMAT = "dwarf-with-dsym";
				ENABLE_NS_ASSERTIONS = NO;
				ENABLE_STRICT_OBJC_MSGSEND = YES;
				GCC_C_LANGUAGE_STANDARD = gnu11;
				GCC_NO_COMMON_BLOCKS = YES;
				GCC_WARN_64_TO_32_BIT_CONVERSION = YES;
				GCC_WARN_ABOUT_RETURN_TYPE = YES_ERROR;
				GCC_WARN_UNDECLARED_SELECTOR = YES;
				GCC_WARN_UNINITIALIZED_AUTOS = YES_AGGRESSIVE;
				GCC_WARN_UNUSED_FUNCTION = YES;
				GCC_WARN_UNUSED_VARIABLE = YES;
				IPHONEOS_DEPLOYMENT_TARGET = 13.4;
				MTL_ENABLE_DEBUG_INFO = NO;
				MTL_FAST_MATH = YES;
				SDKROOT = iphoneos;
				SWIFT_COMPILATION_MODE = wholemodule;
				SWIFT_OPTIMIZATION_LEVEL = "-O";
				VALIDATE_PRODUCT = YES;
			};
			name = Release;
		};
		75214FED243A3545002AACE2 /* Debug */ = {
			isa = XCBuildConfiguration;
			buildSettings = {
				ASSETCATALOG_COMPILER_APPICON_NAME = AppIcon;
				CLANG_ENABLE_MODULES = YES;
				CODE_SIGN_STYLE = Automatic;
				INFOPLIST_FILE = "Release Reminder/Info.plist";
				LD_RUNPATH_SEARCH_PATHS = (
					"$(inherited)",
					"@executable_path/Frameworks",
				);
				PRODUCT_BUNDLE_IDENTIFIER = "Nil.Release-Reminder";
				PRODUCT_NAME = "$(TARGET_NAME)";
				SWIFT_OPTIMIZATION_LEVEL = "-Onone";
				SWIFT_VERSION = 5.0;
				TARGETED_DEVICE_FAMILY = 1;
			};
			name = Debug;
		};
		75214FEE243A3545002AACE2 /* Release */ = {
			isa = XCBuildConfiguration;
			buildSettings = {
				ASSETCATALOG_COMPILER_APPICON_NAME = AppIcon;
				CLANG_ENABLE_MODULES = YES;
				CODE_SIGN_STYLE = Automatic;
				INFOPLIST_FILE = "Release Reminder/Info.plist";
				LD_RUNPATH_SEARCH_PATHS = (
					"$(inherited)",
					"@executable_path/Frameworks",
				);
				PRODUCT_BUNDLE_IDENTIFIER = "Nil.Release-Reminder";
				PRODUCT_NAME = "$(TARGET_NAME)";
				SWIFT_VERSION = 5.0;
				TARGETED_DEVICE_FAMILY = 1;
			};
			name = Release;
		};
/* End XCBuildConfiguration section */

/* Begin XCConfigurationList section */
		75214FD3243A3543002AACE2 /* Build configuration list for PBXProject "Release Reminder" */ = {
			isa = XCConfigurationList;
			buildConfigurations = (
				75214FEA243A3545002AACE2 /* Debug */,
				75214FEB243A3545002AACE2 /* Release */,
			);
			defaultConfigurationIsVisible = 0;
			defaultConfigurationName = Release;
		};
		75214FEC243A3545002AACE2 /* Build configuration list for PBXNativeTarget "Release Reminder" */ = {
			isa = XCConfigurationList;
			buildConfigurations = (
				75214FED243A3545002AACE2 /* Debug */,
				75214FEE243A3545002AACE2 /* Release */,
			);
			defaultConfigurationIsVisible = 0;
			defaultConfigurationName = Release;
		};
/* End XCConfigurationList section */
	};
	rootObject = 75214FD0243A3543002AACE2 /* Project object */;
}
