// !$*UTF8*$!
{
	archiveVersion = 1;
	classes = {
	};
	objectVersion = 50;
	objects = {

/* Begin PBXBuildFile section */
		75125BE82444B17F0075822F /* NameAndMusicianNameCell.swift in Sources */ = {isa = PBXBuildFile; fileRef = 75125BE72444B17F0075822F /* NameAndMusicianNameCell.swift */; };
		75125BEC2444B2AC0075822F /* CoverImageCell.swift in Sources */ = {isa = PBXBuildFile; fileRef = 75125BEB2444B2AC0075822F /* CoverImageCell.swift */; };
		75125BF02444B32D0075822F /* SongCell.swift in Sources */ = {isa = PBXBuildFile; fileRef = 75125BEF2444B32D0075822F /* SongCell.swift */; };
		75125BF42444BF3A0075822F /* ReleaseViewController.swift in Sources */ = {isa = PBXBuildFile; fileRef = 75125BF32444BF3A0075822F /* ReleaseViewController.swift */; };
		75125BF62444C3CF0075822F /* EditMusiciansViewController.swift in Sources */ = {isa = PBXBuildFile; fileRef = 75125BF52444C3CF0075822F /* EditMusiciansViewController.swift */; };
		75125BF82444C4510075822F /* MusicianCard.swift in Sources */ = {isa = PBXBuildFile; fileRef = 75125BF72444C4510075822F /* MusicianCard.swift */; };
		75214FDC243A3543002AACE2 /* AppDelegate.swift in Sources */ = {isa = PBXBuildFile; fileRef = 75214FDB243A3543002AACE2 /* AppDelegate.swift */; };
		75214FDE243A3543002AACE2 /* SceneDelegate.swift in Sources */ = {isa = PBXBuildFile; fileRef = 75214FDD243A3543002AACE2 /* SceneDelegate.swift */; };
		75214FE3243A3543002AACE2 /* Main.storyboard in Resources */ = {isa = PBXBuildFile; fileRef = 75214FE1243A3543002AACE2 /* Main.storyboard */; };
		75214FE5243A3545002AACE2 /* Assets.xcassets in Resources */ = {isa = PBXBuildFile; fileRef = 75214FE4243A3545002AACE2 /* Assets.xcassets */; };
		75214FE8243A3545002AACE2 /* LaunchScreen.storyboard in Resources */ = {isa = PBXBuildFile; fileRef = 75214FE6243A3545002AACE2 /* LaunchScreen.storyboard */; };
		752EC74024630B3200779F7C /* NetworkService.swift in Sources */ = {isa = PBXBuildFile; fileRef = 752EC73F24630B3200779F7C /* NetworkService.swift */; };
		752EC74224630B7900779F7C /* API.swift in Sources */ = {isa = PBXBuildFile; fileRef = 752EC74124630B7900779F7C /* API.swift */; };
		752EC7452463141000779F7C /* MusicianCell.swift in Sources */ = {isa = PBXBuildFile; fileRef = 752EC7442463141000779F7C /* MusicianCell.swift */; };
		752EC7472463275000779F7C /* CompactRelease.swift in Sources */ = {isa = PBXBuildFile; fileRef = 752EC7462463275000779F7C /* CompactRelease.swift */; };
		75AB9BA2244BA8BF00A1931F /* NetworkDataFetcher.swift in Sources */ = {isa = PBXBuildFile; fileRef = 75AB9BA1244BA8BF00A1931F /* NetworkDataFetcher.swift */; };
		75AD0107244BA10500381850 /* LoginRegisterViewController.swift in Sources */ = {isa = PBXBuildFile; fileRef = 75AD0106244BA10500381850 /* LoginRegisterViewController.swift */; };
		75C191BD243A363F00286E03 /* MainScreenTableViewController.swift in Sources */ = {isa = PBXBuildFile; fileRef = 75C191BC243A363F00286E03 /* MainScreenTableViewController.swift */; };
		75C191BF243A36CA00286E03 /* RecordCell.swift in Sources */ = {isa = PBXBuildFile; fileRef = 75C191BE243A36CA00286E03 /* RecordCell.swift */; };
		75C191C1243A398B00286E03 /* Release.swift in Sources */ = {isa = PBXBuildFile; fileRef = 75C191C0243A398B00286E03 /* Release.swift */; };
/* End PBXBuildFile section */

/* Begin PBXFileReference section */
		75125BE72444B17F0075822F /* NameAndMusicianNameCell.swift */ = {isa = PBXFileReference; lastKnownFileType = sourcecode.swift; path = NameAndMusicianNameCell.swift; sourceTree = "<group>"; };
		75125BEB2444B2AC0075822F /* CoverImageCell.swift */ = {isa = PBXFileReference; lastKnownFileType = sourcecode.swift; path = CoverImageCell.swift; sourceTree = "<group>"; };
		75125BEF2444B32D0075822F /* SongCell.swift */ = {isa = PBXFileReference; lastKnownFileType = sourcecode.swift; path = SongCell.swift; sourceTree = "<group>"; };
		75125BF32444BF3A0075822F /* ReleaseViewController.swift */ = {isa = PBXFileReference; lastKnownFileType = sourcecode.swift; path = ReleaseViewController.swift; sourceTree = "<group>"; };
		75125BF52444C3CF0075822F /* EditMusiciansViewController.swift */ = {isa = PBXFileReference; lastKnownFileType = sourcecode.swift; path = EditMusiciansViewController.swift; sourceTree = "<group>"; };
		75125BF72444C4510075822F /* MusicianCard.swift */ = {isa = PBXFileReference; lastKnownFileType = sourcecode.swift; path = MusicianCard.swift; sourceTree = "<group>"; };
		75214FD8243A3543002AACE2 /* Release Reminder.app */ = {isa = PBXFileReference; explicitFileType = wrapper.application; includeInIndex = 0; path = "Release Reminder.app"; sourceTree = BUILT_PRODUCTS_DIR; };
		75214FDB243A3543002AACE2 /* AppDelegate.swift */ = {isa = PBXFileReference; lastKnownFileType = sourcecode.swift; path = AppDelegate.swift; sourceTree = "<group>"; };
		75214FDD243A3543002AACE2 /* SceneDelegate.swift */ = {isa = PBXFileReference; lastKnownFileType = sourcecode.swift; path = SceneDelegate.swift; sourceTree = "<group>"; };
		75214FE2243A3543002AACE2 /* Base */ = {isa = PBXFileReference; lastKnownFileType = file.storyboard; name = Base; path = Base.lproj/Main.storyboard; sourceTree = "<group>"; };
		75214FE4243A3545002AACE2 /* Assets.xcassets */ = {isa = PBXFileReference; lastKnownFileType = folder.assetcatalog; path = Assets.xcassets; sourceTree = "<group>"; };
		75214FE7243A3545002AACE2 /* Base */ = {isa = PBXFileReference; lastKnownFileType = file.storyboard; name = Base; path = Base.lproj/LaunchScreen.storyboard; sourceTree = "<group>"; };
		75214FE9243A3545002AACE2 /* Info.plist */ = {isa = PBXFileReference; lastKnownFileType = text.plist.xml; path = Info.plist; sourceTree = "<group>"; };
		752EC73F24630B3200779F7C /* NetworkService.swift */ = {isa = PBXFileReference; lastKnownFileType = sourcecode.swift; path = NetworkService.swift; sourceTree = "<group>"; };
		752EC74124630B7900779F7C /* API.swift */ = {isa = PBXFileReference; lastKnownFileType = sourcecode.swift; path = API.swift; sourceTree = "<group>"; };
		752EC7442463141000779F7C /* MusicianCell.swift */ = {isa = PBXFileReference; lastKnownFileType = sourcecode.swift; path = MusicianCell.swift; sourceTree = "<group>"; };
		752EC7462463275000779F7C /* CompactRelease.swift */ = {isa = PBXFileReference; lastKnownFileType = sourcecode.swift; path = CompactRelease.swift; sourceTree = "<group>"; };
		75AB9BA1244BA8BF00A1931F /* NetworkDataFetcher.swift */ = {isa = PBXFileReference; lastKnownFileType = sourcecode.swift; path = NetworkDataFetcher.swift; sourceTree = "<group>"; };
		75AD0106244BA10500381850 /* LoginRegisterViewController.swift */ = {isa = PBXFileReference; lastKnownFileType = sourcecode.swift; path = LoginRegisterViewController.swift; sourceTree = "<group>"; };
		75C191BC243A363F00286E03 /* MainScreenTableViewController.swift */ = {isa = PBXFileReference; lastKnownFileType = sourcecode.swift; path = MainScreenTableViewController.swift; sourceTree = "<group>"; };
		75C191BE243A36CA00286E03 /* RecordCell.swift */ = {isa = PBXFileReference; lastKnownFileType = sourcecode.swift; path = RecordCell.swift; sourceTree = "<group>"; };
		75C191C0243A398B00286E03 /* Release.swift */ = {isa = PBXFileReference; lastKnownFileType = sourcecode.swift; path = Release.swift; sourceTree = "<group>"; };
/* End PBXFileReference section */

/* Begin PBXFrameworksBuildPhase section */
		75214FD5243A3543002AACE2 /* Frameworks */ = {
			isa = PBXFrameworksBuildPhase;
			buildActionMask = 2147483647;
			files = (
			);
			runOnlyForDeploymentPostprocessing = 0;
		};
/* End PBXFrameworksBuildPhase section */

/* Begin PBXGroup section */
		75125BE22444B0E70075822F /* Supporting Files */ = {
			isa = PBXGroup;
			children = (
				75214FDB243A3543002AACE2 /* AppDelegate.swift */,
				75214FDD243A3543002AACE2 /* SceneDelegate.swift */,
				75214FE4243A3545002AACE2 /* Assets.xcassets */,
			);
			path = "Supporting Files";
			sourceTree = "<group>";
		};
		75125BE32444B0F40075822F /* Controller */ = {
			isa = PBXGroup;
			children = (
				75C191BC243A363F00286E03 /* MainScreenTableViewController.swift */,
				75125BF52444C3CF0075822F /* EditMusiciansViewController.swift */,
				75125BF32444BF3A0075822F /* ReleaseViewController.swift */,
				75AD0106244BA10500381850 /* LoginRegisterViewController.swift */,
			);
			path = Controller;
			sourceTree = "<group>";
		};
		75125BE42444B0FD0075822F /* View */ = {
			isa = PBXGroup;
			children = (
				75125BE62444B13E0075822F /* Cells */,
				75214FE1243A3543002AACE2 /* Main.storyboard */,
				75214FE6243A3545002AACE2 /* LaunchScreen.storyboard */,
			);
			path = View;
			sourceTree = "<group>";
		};
		75125BE52444B1020075822F /* Model */ = {
			isa = PBXGroup;
			children = (
				75C191C0243A398B00286E03 /* Release.swift */,
				75125BF72444C4510075822F /* MusicianCard.swift */,
				752EC7462463275000779F7C /* CompactRelease.swift */,
			);
			path = Model;
			sourceTree = "<group>";
		};
		75125BE62444B13E0075822F /* Cells */ = {
			isa = PBXGroup;
			children = (
				75C191BE243A36CA00286E03 /* RecordCell.swift */,
				75125BE72444B17F0075822F /* NameAndMusicianNameCell.swift */,
				75125BEB2444B2AC0075822F /* CoverImageCell.swift */,
				75125BEF2444B32D0075822F /* SongCell.swift */,
				752EC7442463141000779F7C /* MusicianCell.swift */,
			);
			path = Cells;
			sourceTree = "<group>";
		};
		75214FCF243A3543002AACE2 = {
			isa = PBXGroup;
			children = (
				75214FDA243A3543002AACE2 /* Release Reminder */,
				75214FD9243A3543002AACE2 /* Products */,
			);
			sourceTree = "<group>";
		};
		75214FD9243A3543002AACE2 /* Products */ = {
			isa = PBXGroup;
			children = (
				75214FD8243A3543002AACE2 /* Release Reminder.app */,
			);
			name = Products;
			sourceTree = "<group>";
		};
		75214FDA243A3543002AACE2 /* Release Reminder */ = {
			isa = PBXGroup;
			children = (
				75214FE9243A3545002AACE2 /* Info.plist */,
				75125BE22444B0E70075822F /* Supporting Files */,
				75AB9BA0244BA8AA00A1931F /* NetworkManager */,
				75125BE52444B1020075822F /* Model */,
				75125BE42444B0FD0075822F /* View */,
				75125BE32444B0F40075822F /* Controller */,
				75AD0103244B9EC500381850 /* Extensions */,
			);
			path = "Release Reminder";
			sourceTree = "<group>";
		};
		75AB9BA0244BA8AA00A1931F /* NetworkManager */ = {
			isa = PBXGroup;
			children = (
				75AB9BA1244BA8BF00A1931F /* NetworkDataFetcher.swift */,
				752EC73F24630B3200779F7C /* NetworkService.swift */,
				752EC74124630B7900779F7C /* API.swift */,
			);
			path = NetworkManager;
			sourceTree = "<group>";
		};
		75AD0103244B9EC500381850 /* Extensions */ = {
			isa = PBXGroup;
			children = (
			);
			path = Extensions;
			sourceTree = "<group>";
		};
/* End PBXGroup section */

/* Begin PBXNativeTarget section */
		75214FD7243A3543002AACE2 /* Release Reminder */ = {
			isa = PBXNativeTarget;
			buildConfigurationList = 75214FEC243A3545002AACE2 /* Build configuration list for PBXNativeTarget "Release Reminder" */;
			buildPhases = (
				75214FD4243A3543002AACE2 /* Sources */,
				75214FD5243A3543002AACE2 /* Frameworks */,
				75214FD6243A3543002AACE2 /* Resources */,
				752EC74324630E0A00779F7C /* ShellScript */,
			);
			buildRules = (
			);
			dependencies = (
			);
			name = "Release Reminder";
			productName = "Release Reminder";
			productReference = 75214FD8243A3543002AACE2 /* Release Reminder.app */;
			productType = "com.apple.product-type.application";
		};
/* End PBXNativeTarget section */

/* Begin PBXProject section */
		75214FD0243A3543002AACE2 /* Project object */ = {
			isa = PBXProject;
			attributes = {
				LastSwiftUpdateCheck = 1140;
				LastUpgradeCheck = 1140;
				ORGANIZATIONNAME = "Андрей Журавлев";
				TargetAttributes = {
					75214FD7243A3543002AACE2 = {
						CreatedOnToolsVersion = 11.4;
					};
				};
			};
			buildConfigurationList = 75214FD3243A3543002AACE2 /* Build configuration list for PBXProject "Release Reminder" */;
			compatibilityVersion = "Xcode 9.3";
			developmentRegion = en;
			hasScannedForEncodings = 0;
			knownRegions = (
				en,
				Base,
			);
			mainGroup = 75214FCF243A3543002AACE2;
			productRefGroup = 75214FD9243A3543002AACE2 /* Products */;
			projectDirPath = "";
			projectRoot = "";
			targets = (
				75214FD7243A3543002AACE2 /* Release Reminder */,
			);
		};
/* End PBXProject section */

/* Begin PBXResourcesBuildPhase section */
		75214FD6243A3543002AACE2 /* Resources */ = {
			isa = PBXResourcesBuildPhase;
			buildActionMask = 2147483647;
			files = (
				75214FE8243A3545002AACE2 /* LaunchScreen.storyboard in Resources */,
				75214FE5243A3545002AACE2 /* Assets.xcassets in Resources */,
				75214FE3243A3543002AACE2 /* Main.storyboard in Resources */,
			);
			runOnlyForDeploymentPostprocessing = 0;
		};
/* End PBXResourcesBuildPhase section */

/* Begin PBXShellScriptBuildPhase section */
		752EC74324630E0A00779F7C /* ShellScript */ = {
			isa = PBXShellScriptBuildPhase;
			buildActionMask = 2147483647;
			files = (
			);
			inputFileListPaths = (
			);
			inputPaths = (
			);
			outputFileListPaths = (
			);
			outputPaths = (
			);
			runOnlyForDeploymentPostprocessing = 0;
			shellPath = /bin/sh;
			shellScript = "# Type a script or drag a script file from your workspace to insert its path.\nTAGS=\"TODO:|FIXME:\"\nERRORTAG=\"ERROR:\"\nfind \"${SRCROOT}\" \\( -name \"*.h\" -or -name \"*.m\" -or -name \"*.swift\" \\) -print0 | xargs -0 egrep --with-filename --line-number --only-matching \"($TAGS).*\\$|($ERRORTAG).*\\$\" | perl -p -e \"s/($TAGS)/ warning: \\$1/\" | perl -p -e \"s/($ERRORTAG)/ error: \\$1/\"\n";
		};
/* End PBXShellScriptBuildPhase section */

/* Begin PBXSourcesBuildPhase section */
		75214FD4243A3543002AACE2 /* Sources */ = {
			isa = PBXSourcesBuildPhase;
			buildActionMask = 2147483647;
			files = (
				752EC7472463275000779F7C /* CompactRelease.swift in Sources */,
				75C191BD243A363F00286E03 /* MainScreenTableViewController.swift in Sources */,
				75C191C1243A398B00286E03 /* Release.swift in Sources */,
				75214FDC243A3543002AACE2 /* AppDelegate.swift in Sources */,
				75AB9BA2244BA8BF00A1931F /* NetworkDataFetcher.swift in Sources */,
				752EC74224630B7900779F7C /* API.swift in Sources */,
				75AD0107244BA10500381850 /* LoginRegisterViewController.swift in Sources */,
				752EC7452463141000779F7C /* MusicianCell.swift in Sources */,
				75C191BF243A36CA00286E03 /* RecordCell.swift in Sources */,
				752EC74024630B3200779F7C /* NetworkService.swift in Sources */,
				75125BF42444BF3A0075822F /* ReleaseViewController.swift in Sources */,
				75125BE82444B17F0075822F /* NameAndMusicianNameCell.swift in Sources */,
				75214FDE243A3543002AACE2 /* SceneDelegate.swift in Sources */,
				75125BF82444C4510075822F /* MusicianCard.swift in Sources */,
				75125BF02444B32D0075822F /* SongCell.swift in Sources */,
				75125BEC2444B2AC0075822F /* CoverImageCell.swift in Sources */,
				75125BF62444C3CF0075822F /* EditMusiciansViewController.swift in Sources */,
			);
			runOnlyForDeploymentPostprocessing = 0;
		};
/* End PBXSourcesBuildPhase section */

/* Begin PBXVariantGroup section */
		75214FE1243A3543002AACE2 /* Main.storyboard */ = {
			isa = PBXVariantGroup;
			children = (
				75214FE2243A3543002AACE2 /* Base */,
			);
			name = Main.storyboard;
			sourceTree = "<group>";
		};
		75214FE6243A3545002AACE2 /* LaunchScreen.storyboard */ = {
			isa = PBXVariantGroup;
			children = (
				75214FE7243A3545002AACE2 /* Base */,
			);
			name = LaunchScreen.storyboard;
			sourceTree = "<group>";
		};
/* End PBXVariantGroup section */

/* Begin XCBuildConfiguration section */
		75214FEA243A3545002AACE2 /* Debug */ = {
			isa = XCBuildConfiguration;
			buildSettings = {
				ALWAYS_SEARCH_USER_PATHS = NO;
				CLANG_ANALYZER_NONNULL = YES;
				CLANG_ANALYZER_NUMBER_OBJECT_CONVERSION = YES_AGGRESSIVE;
				CLANG_CXX_LANGUAGE_STANDARD = "gnu++14";
				CLANG_CXX_LIBRARY = "libc++";
				CLANG_ENABLE_MODULES = YES;
				CLANG_ENABLE_OBJC_ARC = YES;
				CLANG_ENABLE_OBJC_WEAK = YES;
				CLANG_WARN_BLOCK_CAPTURE_AUTORELEASING = YES;
				CLANG_WARN_BOOL_CONVERSION = YES;
				CLANG_WARN_COMMA = YES;
				CLANG_WARN_CONSTANT_CONVERSION = YES;
				CLANG_WARN_DEPRECATED_OBJC_IMPLEMENTATIONS = YES;
				CLANG_WARN_DIRECT_OBJC_ISA_USAGE = YES_ERROR;
				CLANG_WARN_DOCUMENTATION_COMMENTS = YES;
				CLANG_WARN_EMPTY_BODY = YES;
				CLANG_WARN_ENUM_CONVERSION = YES;
				CLANG_WARN_INFINITE_RECURSION = YES;
				CLANG_WARN_INT_CONVERSION = YES;
				CLANG_WARN_NON_LITERAL_NULL_CONVERSION = YES;
				CLANG_WARN_OBJC_IMPLICIT_RETAIN_SELF = YES;
				CLANG_WARN_OBJC_LITERAL_CONVERSION = YES;
				CLANG_WARN_OBJC_ROOT_CLASS = YES_ERROR;
				CLANG_WARN_RANGE_LOOP_ANALYSIS = YES;
				CLANG_WARN_STRICT_PROTOTYPES = YES;
				CLANG_WARN_SUSPICIOUS_MOVE = YES;
				CLANG_WARN_UNGUARDED_AVAILABILITY = YES_AGGRESSIVE;
				CLANG_WARN_UNREACHABLE_CODE = YES;
				CLANG_WARN__DUPLICATE_METHOD_MATCH = YES;
				COPY_PHASE_STRIP = NO;
				DEBUG_INFORMATION_FORMAT = dwarf;
				ENABLE_STRICT_OBJC_MSGSEND = YES;
				ENABLE_TESTABILITY = YES;
				GCC_C_LANGUAGE_STANDARD = gnu11;
				GCC_DYNAMIC_NO_PIC = NO;
				GCC_NO_COMMON_BLOCKS = YES;
				GCC_OPTIMIZATION_LEVEL = 0;
				GCC_PREPROCESSOR_DEFINITIONS = (
					"DEBUG=1",
					"$(inherited)",
				);
				GCC_WARN_64_TO_32_BIT_CONVERSION = YES;
				GCC_WARN_ABOUT_RETURN_TYPE = YES_ERROR;
				GCC_WARN_UNDECLARED_SELECTOR = YES;
				GCC_WARN_UNINITIALIZED_AUTOS = YES_AGGRESSIVE;
				GCC_WARN_UNUSED_FUNCTION = YES;
				GCC_WARN_UNUSED_VARIABLE = YES;
				IPHONEOS_DEPLOYMENT_TARGET = 13.4;
				MTL_ENABLE_DEBUG_INFO = INCLUDE_SOURCE;
				MTL_FAST_MATH = YES;
				ONLY_ACTIVE_ARCH = YES;
				SDKROOT = iphoneos;
				SWIFT_ACTIVE_COMPILATION_CONDITIONS = DEBUG;
				SWIFT_OPTIMIZATION_LEVEL = "-Onone";
			};
			name = Debug;
		};
		75214FEB243A3545002AACE2 /* Release */ = {
			isa = XCBuildConfiguration;
			buildSettings = {
				ALWAYS_SEARCH_USER_PATHS = NO;
				CLANG_ANALYZER_NONNULL = YES;
				CLANG_ANALYZER_NUMBER_OBJECT_CONVERSION = YES_AGGRESSIVE;
				CLANG_CXX_LANGUAGE_STANDARD = "gnu++14";
				CLANG_CXX_LIBRARY = "libc++";
				CLANG_ENABLE_MODULES = YES;
				CLANG_ENABLE_OBJC_ARC = YES;
				CLANG_ENABLE_OBJC_WEAK = YES;
				CLANG_WARN_BLOCK_CAPTURE_AUTORELEASING = YES;
				CLANG_WARN_BOOL_CONVERSION = YES;
				CLANG_WARN_COMMA = YES;
				CLANG_WARN_CONSTANT_CONVERSION = YES;
				CLANG_WARN_DEPRECATED_OBJC_IMPLEMENTATIONS = YES;
				CLANG_WARN_DIRECT_OBJC_ISA_USAGE = YES_ERROR;
				CLANG_WARN_DOCUMENTATION_COMMENTS = YES;
				CLANG_WARN_EMPTY_BODY = YES;
				CLANG_WARN_ENUM_CONVERSION = YES;
				CLANG_WARN_INFINITE_RECURSION = YES;
				CLANG_WARN_INT_CONVERSION = YES;
				CLANG_WARN_NON_LITERAL_NULL_CONVERSION = YES;
				CLANG_WARN_OBJC_IMPLICIT_RETAIN_SELF = YES;
				CLANG_WARN_OBJC_LITERAL_CONVERSION = YES;
				CLANG_WARN_OBJC_ROOT_CLASS = YES_ERROR;
				CLANG_WARN_RANGE_LOOP_ANALYSIS = YES;
				CLANG_WARN_STRICT_PROTOTYPES = YES;
				CLANG_WARN_SUSPICIOUS_MOVE = YES;
				CLANG_WARN_UNGUARDED_AVAILABILITY = YES_AGGRESSIVE;
				CLANG_WARN_UNREACHABLE_CODE = YES;
				CLANG_WARN__DUPLICATE_METHOD_MATCH = YES;
				COPY_PHASE_STRIP = NO;
				DEBUG_INFORMATION_FORMAT = "dwarf-with-dsym";
				ENABLE_NS_ASSERTIONS = NO;
				ENABLE_STRICT_OBJC_MSGSEND = YES;
				GCC_C_LANGUAGE_STANDARD = gnu11;
				GCC_NO_COMMON_BLOCKS = YES;
				GCC_WARN_64_TO_32_BIT_CONVERSION = YES;
				GCC_WARN_ABOUT_RETURN_TYPE = YES_ERROR;
				GCC_WARN_UNDECLARED_SELECTOR = YES;
				GCC_WARN_UNINITIALIZED_AUTOS = YES_AGGRESSIVE;
				GCC_WARN_UNUSED_FUNCTION = YES;
				GCC_WARN_UNUSED_VARIABLE = YES;
				IPHONEOS_DEPLOYMENT_TARGET = 13.4;
				MTL_ENABLE_DEBUG_INFO = NO;
				MTL_FAST_MATH = YES;
				SDKROOT = iphoneos;
				SWIFT_COMPILATION_MODE = wholemodule;
				SWIFT_OPTIMIZATION_LEVEL = "-O";
				VALIDATE_PRODUCT = YES;
			};
			name = Release;
		};
		75214FED243A3545002AACE2 /* Debug */ = {
			isa = XCBuildConfiguration;
			buildSettings = {
				ASSETCATALOG_COMPILER_APPICON_NAME = AppIcon;
				CODE_SIGN_STYLE = Automatic;
				INFOPLIST_FILE = "Release Reminder/Info.plist";
				LD_RUNPATH_SEARCH_PATHS = (
					"$(inherited)",
					"@executable_path/Frameworks",
				);
				PRODUCT_BUNDLE_IDENTIFIER = "Nil.Release-Reminder";
				PRODUCT_NAME = "$(TARGET_NAME)";
				SWIFT_VERSION = 5.0;
				TARGETED_DEVICE_FAMILY = 1;
			};
			name = Debug;
		};
		75214FEE243A3545002AACE2 /* Release */ = {
			isa = XCBuildConfiguration;
			buildSettings = {
				ASSETCATALOG_COMPILER_APPICON_NAME = AppIcon;
				CODE_SIGN_STYLE = Automatic;
				INFOPLIST_FILE = "Release Reminder/Info.plist";
				LD_RUNPATH_SEARCH_PATHS = (
					"$(inherited)",
					"@executable_path/Frameworks",
				);
				PRODUCT_BUNDLE_IDENTIFIER = "Nil.Release-Reminder";
				PRODUCT_NAME = "$(TARGET_NAME)";
				SWIFT_VERSION = 5.0;
				TARGETED_DEVICE_FAMILY = 1;
			};
			name = Release;
		};
/* End XCBuildConfiguration section */

/* Begin XCConfigurationList section */
		75214FD3243A3543002AACE2 /* Build configuration list for PBXProject "Release Reminder" */ = {
			isa = XCConfigurationList;
			buildConfigurations = (
				75214FEA243A3545002AACE2 /* Debug */,
				75214FEB243A3545002AACE2 /* Release */,
			);
			defaultConfigurationIsVisible = 0;
			defaultConfigurationName = Release;
		};
		75214FEC243A3545002AACE2 /* Build configuration list for PBXNativeTarget "Release Reminder" */ = {
			isa = XCConfigurationList;
			buildConfigurations = (
				75214FED243A3545002AACE2 /* Debug */,
				75214FEE243A3545002AACE2 /* Release */,
			);
			defaultConfigurationIsVisible = 0;
			defaultConfigurationName = Release;
		};
/* End XCConfigurationList section */
	};
	rootObject = 75214FD0243A3543002AACE2 /* Project object */;
}
